
Microsoft Visual Studio Solution File, Format Version 12.00
# Visual Studio 2013
VisualStudioVersion = 12.0.21005.1
MinimumVisualStudioVersion = 10.0.40219.1
Project("{8BC9CEB8-8B4A-11D0-8D11-00A0C91BC942}") = "mogo", "mogo.vcxproj", "{64CA24EF-7650-4A2C-A3F0-E4D9A79CCBBF}"
EndProject
Project("{8BC9CEB8-8B4A-11D0-8D11-00A0C91BC942}") = "mytest", "..\mytest\mytest.vcxproj", "{736AFA9B-91B4-4769-9189-98A1331EC071}"
EndProject
Global
	GlobalSection(SolutionConfigurationPlatforms) = preSolution
		Debug|Win32 = Debug|Win32
		Release|Win32 = Release|Win32
	EndGlobalSection
	GlobalSection(ProjectConfigurationPlatforms) = postSolution
		{64CA24EF-7650-4A2C-A3F0-E4D9A79CCBBF}.Debug|Win32.ActiveCfg = Debug|Win32
		{64CA24EF-7650-4A2C-A3F0-E4D9A79CCBBF}.Debug|Win32.Build.0 = Debug|Win32
		{64CA24EF-7650-4A2C-A3F0-E4D9A79CCBBF}.Release|Win32.ActiveCfg = Release|Win32
		{64CA24EF-7650-4A2C-A3F0-E4D9A79CCBBF}.Release|Win32.Build.0 = Release|Win32
		{736AFA9B-91B4-4769-9189-98A1331EC071}.Debug|Win32.ActiveCfg = Debug|Win32
		{736AFA9B-91B4-4769-9189-98A1331EC071}.Debug|Win32.Build.0 = Debug|Win32
		{736AFA9B-91B4-4769-9189-98A1331EC071}.Release|Win32.ActiveCfg = Release|Win32
		{736AFA9B-91B4-4769-9189-98A1331EC071}.Release|Win32.Build.0 = Release|Win32
	EndGlobalSection
	GlobalSection(SolutionProperties) = preSolution
		HideSolutionNode = FALSE
	EndGlobalSection
EndGlobal
